// !$*UTF8*$!
{
	archiveVersion = 1;
	classes = {
	};
	objectVersion = 46;
	objects = {

/* Begin PBXBuildFile section */
		01FC923F17E9434100D9FD07 /* UIKit.framework in Frameworks */ = {isa = PBXBuildFile; fileRef = 01FC923E17E9434100D9FD07 /* UIKit.framework */; };
		01FC924117E9434100D9FD07 /* Foundation.framework in Frameworks */ = {isa = PBXBuildFile; fileRef = 01FC924017E9434100D9FD07 /* Foundation.framework */; };
		01FC924317E9434100D9FD07 /* CoreGraphics.framework in Frameworks */ = {isa = PBXBuildFile; fileRef = 01FC924217E9434100D9FD07 /* CoreGraphics.framework */; };
		01FC924917E9434100D9FD07 /* InfoPlist.strings in Resources */ = {isa = PBXBuildFile; fileRef = 01FC924717E9434100D9FD07 /* InfoPlist.strings */; };
		01FC924B17E9434100D9FD07 /* main.m in Sources */ = {isa = PBXBuildFile; fileRef = 01FC924A17E9434100D9FD07 /* main.m */; };
		01FC924F17E9434100D9FD07 /* BUTAppDelegate.m in Sources */ = {isa = PBXBuildFile; fileRef = 01FC924E17E9434100D9FD07 /* BUTAppDelegate.m */; };
		01FC925117E9434100D9FD07 /* Default.png in Resources */ = {isa = PBXBuildFile; fileRef = 01FC925017E9434100D9FD07 /* Default.png */; };
		01FC925317E9434100D9FD07 /* Default@2x.png in Resources */ = {isa = PBXBuildFile; fileRef = 01FC925217E9434100D9FD07 /* Default@2x.png */; };
		01FC925517E9434100D9FD07 /* Default-568h@2x.png in Resources */ = {isa = PBXBuildFile; fileRef = 01FC925417E9434100D9FD07 /* Default-568h@2x.png */; };
		01FC925817E9434100D9FD07 /* BUTViewController.m in Sources */ = {isa = PBXBuildFile; fileRef = 01FC925717E9434100D9FD07 /* BUTViewController.m */; };
		01FC925B17E9434100D9FD07 /* BUTViewController.xib in Resources */ = {isa = PBXBuildFile; fileRef = 01FC925917E9434100D9FD07 /* BUTViewController.xib */; };
		8AFAF5F3181A459800A3EAAB /* CUICheckBox.m in Sources */ = {isa = PBXBuildFile; fileRef = 8AFAF5E7181A459800A3EAAB /* CUICheckBox.m */; };
		8AFAF5F4181A459800A3EAAB /* CUIRadioButton.m in Sources */ = {isa = PBXBuildFile; fileRef = 8AFAF5EA181A459800A3EAAB /* CUIRadioButton.m */; };
		8AFAF5FD181A45C700A3EAAB /* checkbox_checked.png in Resources */ = {isa = PBXBuildFile; fileRef = 8AFAF5F9181A45C700A3EAAB /* checkbox_checked.png */; };
		8AFAF5FE181A45C700A3EAAB /* checkbox_checked@2x.png in Resources */ = {isa = PBXBuildFile; fileRef = 8AFAF5FA181A45C700A3EAAB /* checkbox_checked@2x.png */; };
		8AFAF5FF181A45C700A3EAAB /* checkbox_unchecked.png in Resources */ = {isa = PBXBuildFile; fileRef = 8AFAF5FB181A45C700A3EAAB /* checkbox_unchecked.png */; };
		8AFAF600181A45C700A3EAAB /* checkbox_unchecked@2x.png in Resources */ = {isa = PBXBuildFile; fileRef = 8AFAF5FC181A45C700A3EAAB /* checkbox_unchecked@2x.png */; };
		8AFAF605181A45D000A3EAAB /* radio_checked.png in Resources */ = {isa = PBXBuildFile; fileRef = 8AFAF601181A45D000A3EAAB /* radio_checked.png */; };
		8AFAF606181A45D000A3EAAB /* radio_checked@2x.png in Resources */ = {isa = PBXBuildFile; fileRef = 8AFAF602181A45D000A3EAAB /* radio_checked@2x.png */; };
		8AFAF607181A45D000A3EAAB /* radio_unchecked.png in Resources */ = {isa = PBXBuildFile; fileRef = 8AFAF603181A45D000A3EAAB /* radio_unchecked.png */; };
		8AFAF608181A45D000A3EAAB /* radio_unchecked@2x.png in Resources */ = {isa = PBXBuildFile; fileRef = 8AFAF604181A45D000A3EAAB /* radio_unchecked@2x.png */; };
		8AFAF60E181A712A00A3EAAB /* CUIRatingControl.m in Sources */ = {isa = PBXBuildFile; fileRef = 8AFAF60B181A712A00A3EAAB /* CUIRatingControl.m */; };
		8AFAF60F181A712A00A3EAAB /* emptystar@2x.png in Resources */ = {isa = PBXBuildFile; fileRef = 8AFAF60C181A712A00A3EAAB /* emptystar@2x.png */; };
		8AFAF610181A712A00A3EAAB /* solidstar@2x.png in Resources */ = {isa = PBXBuildFile; fileRef = 8AFAF60D181A712A00A3EAAB /* solidstar@2x.png */; };
/* End PBXBuildFile section */

/* Begin PBXFileReference section */
		01FC923B17E9434100D9FD07 /* ButtonTest.app */ = {isa = PBXFileReference; explicitFileType = wrapper.application; includeInIndex = 0; path = ButtonTest.app; sourceTree = BUILT_PRODUCTS_DIR; };
		01FC923E17E9434100D9FD07 /* UIKit.framework */ = {isa = PBXFileReference; lastKnownFileType = wrapper.framework; name = UIKit.framework; path = System/Library/Frameworks/UIKit.framework; sourceTree = SDKROOT; };
		01FC924017E9434100D9FD07 /* Foundation.framework */ = {isa = PBXFileReference; lastKnownFileType = wrapper.framework; name = Foundation.framework; path = System/Library/Frameworks/Foundation.framework; sourceTree = SDKROOT; };
		01FC924217E9434100D9FD07 /* CoreGraphics.framework */ = {isa = PBXFileReference; lastKnownFileType = wrapper.framework; name = CoreGraphics.framework; path = System/Library/Frameworks/CoreGraphics.framework; sourceTree = SDKROOT; };
		01FC924617E9434100D9FD07 /* ButtonTest-Info.plist */ = {isa = PBXFileReference; lastKnownFileType = text.plist.xml; path = "ButtonTest-Info.plist"; sourceTree = "<group>"; };
		01FC924817E9434100D9FD07 /* en */ = {isa = PBXFileReference; lastKnownFileType = text.plist.strings; name = en; path = en.lproj/InfoPlist.strings; sourceTree = "<group>"; };
		01FC924A17E9434100D9FD07 /* main.m */ = {isa = PBXFileReference; lastKnownFileType = sourcecode.c.objc; path = main.m; sourceTree = "<group>"; };
		01FC924C17E9434100D9FD07 /* ButtonTest-Prefix.pch */ = {isa = PBXFileReference; lastKnownFileType = sourcecode.c.h; path = "ButtonTest-Prefix.pch"; sourceTree = "<group>"; };
		01FC924D17E9434100D9FD07 /* BUTAppDelegate.h */ = {isa = PBXFileReference; lastKnownFileType = sourcecode.c.h; path = BUTAppDelegate.h; sourceTree = "<group>"; };
		01FC924E17E9434100D9FD07 /* BUTAppDelegate.m */ = {isa = PBXFileReference; lastKnownFileType = sourcecode.c.objc; path = BUTAppDelegate.m; sourceTree = "<group>"; };
		01FC925017E9434100D9FD07 /* Default.png */ = {isa = PBXFileReference; lastKnownFileType = image.png; path = Default.png; sourceTree = "<group>"; };
		01FC925217E9434100D9FD07 /* Default@2x.png */ = {isa = PBXFileReference; lastKnownFileType = image.png; path = "Default@2x.png"; sourceTree = "<group>"; };
		01FC925417E9434100D9FD07 /* Default-568h@2x.png */ = {isa = PBXFileReference; lastKnownFileType = image.png; path = "Default-568h@2x.png"; sourceTree = "<group>"; };
		01FC925617E9434100D9FD07 /* BUTViewController.h */ = {isa = PBXFileReference; lastKnownFileType = sourcecode.c.h; path = BUTViewController.h; sourceTree = "<group>"; };
		01FC925717E9434100D9FD07 /* BUTViewController.m */ = {isa = PBXFileReference; lastKnownFileType = sourcecode.c.objc; path = BUTViewController.m; sourceTree = "<group>"; };
		01FC925A17E9434100D9FD07 /* en */ = {isa = PBXFileReference; lastKnownFileType = file.xib; name = en; path = en.lproj/BUTViewController.xib; sourceTree = "<group>"; };
		8AFAF5E6181A459800A3EAAB /* CUICheckBox.h */ = {isa = PBXFileReference; fileEncoding = 4; lastKnownFileType = sourcecode.c.h; path = CUICheckBox.h; sourceTree = "<group>"; };
		8AFAF5E7181A459800A3EAAB /* CUICheckBox.m */ = {isa = PBXFileReference; fileEncoding = 4; lastKnownFileType = sourcecode.c.objc; path = CUICheckBox.m; sourceTree = "<group>"; };
		8AFAF5E9181A459800A3EAAB /* CUIRadioButton.h */ = {isa = PBXFileReference; fileEncoding = 4; lastKnownFileType = sourcecode.c.h; path = CUIRadioButton.h; sourceTree = "<group>"; };
		8AFAF5EA181A459800A3EAAB /* CUIRadioButton.m */ = {isa = PBXFileReference; fileEncoding = 4; lastKnownFileType = sourcecode.c.objc; path = CUIRadioButton.m; sourceTree = "<group>"; };
		8AFAF5F9181A45C700A3EAAB /* checkbox_checked.png */ = {isa = PBXFileReference; lastKnownFileType = image.png; path = checkbox_checked.png; sourceTree = "<group>"; };
		8AFAF5FA181A45C700A3EAAB /* checkbox_checked@2x.png */ = {isa = PBXFileReference; lastKnownFileType = image.png; path = "checkbox_checked@2x.png"; sourceTree = "<group>"; };
		8AFAF5FB181A45C700A3EAAB /* checkbox_unchecked.png */ = {isa = PBXFileReference; lastKnownFileType = image.png; path = checkbox_unchecked.png; sourceTree = "<group>"; };
		8AFAF5FC181A45C700A3EAAB /* checkbox_unchecked@2x.png */ = {isa = PBXFileReference; lastKnownFileType = image.png; path = "checkbox_unchecked@2x.png"; sourceTree = "<group>"; };
		8AFAF601181A45D000A3EAAB /* radio_checked.png */ = {isa = PBXFileReference; lastKnownFileType = image.png; path = radio_checked.png; sourceTree = "<group>"; };
		8AFAF602181A45D000A3EAAB /* radio_checked@2x.png */ = {isa = PBXFileReference; lastKnownFileType = image.png; path = "radio_checked@2x.png"; sourceTree = "<group>"; };
		8AFAF603181A45D000A3EAAB /* radio_unchecked.png */ = {isa = PBXFileReference; lastKnownFileType = image.png; path = radio_unchecked.png; sourceTree = "<group>"; };
		8AFAF604181A45D000A3EAAB /* radio_unchecked@2x.png */ = {isa = PBXFileReference; lastKnownFileType = image.png; path = "radio_unchecked@2x.png"; sourceTree = "<group>"; };
		8AFAF60A181A712A00A3EAAB /* CUIRatingControl.h */ = {isa = PBXFileReference; fileEncoding = 4; lastKnownFileType = sourcecode.c.h; path = CUIRatingControl.h; sourceTree = "<group>"; };
		8AFAF60B181A712A00A3EAAB /* CUIRatingControl.m */ = {isa = PBXFileReference; fileEncoding = 4; lastKnownFileType = sourcecode.c.objc; path = CUIRatingControl.m; sourceTree = "<group>"; };
		8AFAF60C181A712A00A3EAAB /* emptystar@2x.png */ = {isa = PBXFileReference; lastKnownFileType = image.png; path = "emptystar@2x.png"; sourceTree = "<group>"; };
		8AFAF60D181A712A00A3EAAB /* solidstar@2x.png */ = {isa = PBXFileReference; lastKnownFileType = image.png; path = "solidstar@2x.png"; sourceTree = "<group>"; };
/* End PBXFileReference section */

/* Begin PBXFrameworksBuildPhase section */
		01FC923817E9434100D9FD07 /* Frameworks */ = {
			isa = PBXFrameworksBuildPhase;
			buildActionMask = 2147483647;
			files = (
				01FC923F17E9434100D9FD07 /* UIKit.framework in Frameworks */,
				01FC924117E9434100D9FD07 /* Foundation.framework in Frameworks */,
				01FC924317E9434100D9FD07 /* CoreGraphics.framework in Frameworks */,
			);
			runOnlyForDeploymentPostprocessing = 0;
		};
/* End PBXFrameworksBuildPhase section */

/* Begin PBXGroup section */
		01FC923217E9434100D9FD07 = {
			isa = PBXGroup;
			children = (
				01FC924417E9434100D9FD07 /* ButtonTest */,
				01FC923D17E9434100D9FD07 /* Frameworks */,
				01FC923C17E9434100D9FD07 /* Products */,
			);
			sourceTree = "<group>";
		};
		01FC923C17E9434100D9FD07 /* Products */ = {
			isa = PBXGroup;
			children = (
				01FC923B17E9434100D9FD07 /* ButtonTest.app */,
			);
			name = Products;
			sourceTree = "<group>";
		};
		01FC923D17E9434100D9FD07 /* Frameworks */ = {
			isa = PBXGroup;
			children = (
				01FC923E17E9434100D9FD07 /* UIKit.framework */,
				01FC924017E9434100D9FD07 /* Foundation.framework */,
				01FC924217E9434100D9FD07 /* CoreGraphics.framework */,
			);
			name = Frameworks;
			sourceTree = "<group>";
		};
		01FC924417E9434100D9FD07 /* ButtonTest */ = {
			isa = PBXGroup;
			children = (
				8AFAF609181A712A00A3EAAB /* CUIRatingControl */,
				8AFAF5E1181A459800A3EAAB /* CUICheckbox */,
				8AFAF5E8181A459800A3EAAB /* CUIRadioButton */,
				01FC924D17E9434100D9FD07 /* BUTAppDelegate.h */,
				01FC924E17E9434100D9FD07 /* BUTAppDelegate.m */,
				01FC925617E9434100D9FD07 /* BUTViewController.h */,
				01FC925717E9434100D9FD07 /* BUTViewController.m */,
				01FC925917E9434100D9FD07 /* BUTViewController.xib */,
				01FC924517E9434100D9FD07 /* Supporting Files */,
			);
			path = ButtonTest;
			sourceTree = "<group>";
		};
		01FC924517E9434100D9FD07 /* Supporting Files */ = {
			isa = PBXGroup;
			children = (
				01FC924617E9434100D9FD07 /* ButtonTest-Info.plist */,
				01FC924717E9434100D9FD07 /* InfoPlist.strings */,
				01FC924A17E9434100D9FD07 /* main.m */,
				01FC924C17E9434100D9FD07 /* ButtonTest-Prefix.pch */,
				01FC925017E9434100D9FD07 /* Default.png */,
				01FC925217E9434100D9FD07 /* Default@2x.png */,
				01FC925417E9434100D9FD07 /* Default-568h@2x.png */,
			);
			name = "Supporting Files";
			sourceTree = "<group>";
		};
		8AFAF5E1181A459800A3EAAB /* CUICheckbox */ = {
			isa = PBXGroup;
			children = (
				8AFAF5F9181A45C700A3EAAB /* checkbox_checked.png */,
				8AFAF5FA181A45C700A3EAAB /* checkbox_checked@2x.png */,
				8AFAF5FB181A45C700A3EAAB /* checkbox_unchecked.png */,
				8AFAF5FC181A45C700A3EAAB /* checkbox_unchecked@2x.png */,
				8AFAF5E6181A459800A3EAAB /* CUICheckBox.h */,
				8AFAF5E7181A459800A3EAAB /* CUICheckBox.m */,
			);
			path = CUICheckbox;
			sourceTree = "<group>";
		};
		8AFAF5E8181A459800A3EAAB /* CUIRadioButton */ = {
			isa = PBXGroup;
			children = (
				8AFAF601181A45D000A3EAAB /* radio_checked.png */,
				8AFAF602181A45D000A3EAAB /* radio_checked@2x.png */,
				8AFAF603181A45D000A3EAAB /* radio_unchecked.png */,
				8AFAF604181A45D000A3EAAB /* radio_unchecked@2x.png */,
				8AFAF5E9181A459800A3EAAB /* CUIRadioButton.h */,
				8AFAF5EA181A459800A3EAAB /* CUIRadioButton.m */,
			);
			path = CUIRadioButton;
			sourceTree = "<group>";
		};
		8AFAF609181A712A00A3EAAB /* CUIRatingControl */ = {
			isa = PBXGroup;
			children = (
				8AFAF60A181A712A00A3EAAB /* CUIRatingControl.h */,
				8AFAF60B181A712A00A3EAAB /* CUIRatingControl.m */,
				8AFAF60C181A712A00A3EAAB /* emptystar@2x.png */,
				8AFAF60D181A712A00A3EAAB /* solidstar@2x.png */,
			);
			path = CUIRatingControl;
			sourceTree = "<group>";
		};
/* End PBXGroup section */

/* Begin PBXNativeTarget section */
		01FC923A17E9434100D9FD07 /* ButtonTest */ = {
			isa = PBXNativeTarget;
			buildConfigurationList = 01FC925E17E9434100D9FD07 /* Build configuration list for PBXNativeTarget "ButtonTest" */;
			buildPhases = (
				01FC923717E9434100D9FD07 /* Sources */,
				01FC923817E9434100D9FD07 /* Frameworks */,
				01FC923917E9434100D9FD07 /* Resources */,
			);
			buildRules = (
			);
			dependencies = (
			);
			name = ButtonTest;
			productName = ButtonTest;
			productReference = 01FC923B17E9434100D9FD07 /* ButtonTest.app */;
			productType = "com.apple.product-type.application";
		};
/* End PBXNativeTarget section */

/* Begin PBXProject section */
		01FC923317E9434100D9FD07 /* Project object */ = {
			isa = PBXProject;
			attributes = {
				CLASSPREFIX = BUT;
				LastUpgradeCheck = 0460;
				ORGANIZATIONNAME = jianglingjie;
			};
			buildConfigurationList = 01FC923617E9434100D9FD07 /* Build configuration list for PBXProject "ButtonTest" */;
			compatibilityVersion = "Xcode 3.2";
			developmentRegion = English;
			hasScannedForEncodings = 0;
			knownRegions = (
				en,
			);
			mainGroup = 01FC923217E9434100D9FD07;
			productRefGroup = 01FC923C17E9434100D9FD07 /* Products */;
			projectDirPath = "";
			projectRoot = "";
			targets = (
				01FC923A17E9434100D9FD07 /* ButtonTest */,
			);
		};
/* End PBXProject section */

/* Begin PBXResourcesBuildPhase section */
		01FC923917E9434100D9FD07 /* Resources */ = {
			isa = PBXResourcesBuildPhase;
			buildActionMask = 2147483647;
			files = (
				01FC924917E9434100D9FD07 /* InfoPlist.strings in Resources */,
				01FC925117E9434100D9FD07 /* Default.png in Resources */,
				01FC925317E9434100D9FD07 /* Default@2x.png in Resources */,
				01FC925517E9434100D9FD07 /* Default-568h@2x.png in Resources */,
				8AFAF5FF181A45C700A3EAAB /* checkbox_unchecked.png in Resources */,
				01FC925B17E9434100D9FD07 /* BUTViewController.xib in Resources */,
				8AFAF605181A45D000A3EAAB /* radio_checked.png in Resources */,
				8AFAF607181A45D000A3EAAB /* radio_unchecked.png in Resources */,
				8AFAF608181A45D000A3EAAB /* radio_unchecked@2x.png in Resources */,
				8AFAF610181A712A00A3EAAB /* solidstar@2x.png in Resources */,
				8AFAF5FD181A45C700A3EAAB /* checkbox_checked.png in Resources */,
				8AFAF600181A45C700A3EAAB /* checkbox_unchecked@2x.png in Resources */,
				8AFAF5FE181A45C700A3EAAB /* checkbox_checked@2x.png in Resources */,
				8AFAF60F181A712A00A3EAAB /* emptystar@2x.png in Resources */,
				8AFAF606181A45D000A3EAAB /* radio_checked@2x.png in Resources */,
			);
			runOnlyForDeploymentPostprocessing = 0;
		};
/* End PBXResourcesBuildPhase section */

/* Begin PBXSourcesBuildPhase section */
		01FC923717E9434100D9FD07 /* Sources */ = {
			isa = PBXSourcesBuildPhase;
			buildActionMask = 2147483647;
			files = (
				01FC924B17E9434100D9FD07 /* main.m in Sources */,
				01FC924F17E9434100D9FD07 /* BUTAppDelegate.m in Sources */,
				01FC925817E9434100D9FD07 /* BUTViewController.m in Sources */,
				8AFAF5F4181A459800A3EAAB /* CUIRadioButton.m in Sources */,
				8AFAF60E181A712A00A3EAAB /* CUIRatingControl.m in Sources */,
				8AFAF5F3181A459800A3EAAB /* CUICheckBox.m in Sources */,
			);
			runOnlyForDeploymentPostprocessing = 0;
		};
/* End PBXSourcesBuildPhase section */

/* Begin PBXVariantGroup section */
		01FC924717E9434100D9FD07 /* InfoPlist.strings */ = {
			isa = PBXVariantGroup;
			children = (
				01FC924817E9434100D9FD07 /* en */,
			);
			name = InfoPlist.strings;
			sourceTree = "<group>";
		};
		01FC925917E9434100D9FD07 /* BUTViewController.xib */ = {
			isa = PBXVariantGroup;
			children = (
				01FC925A17E9434100D9FD07 /* en */,
			);
			name = BUTViewController.xib;
			sourceTree = "<group>";
		};
/* End PBXVariantGroup section */

/* Begin XCBuildConfiguration section */
		01FC925C17E9434100D9FD07 /* Debug */ = {
			isa = XCBuildConfiguration;
			buildSettings = {
				ALWAYS_SEARCH_USER_PATHS = NO;
				CLANG_CXX_LANGUAGE_STANDARD = "gnu++0x";
				CLANG_CXX_LIBRARY = "libc++";
				CLANG_ENABLE_OBJC_ARC = YES;
				CLANG_WARN_CONSTANT_CONVERSION = YES;
				CLANG_WARN_EMPTY_BODY = YES;
				CLANG_WARN_ENUM_CONVERSION = YES;
				CLANG_WARN_INT_CONVERSION = YES;
				CLANG_WARN__DUPLICATE_METHOD_MATCH = YES;
				"CODE_SIGN_IDENTITY[sdk=iphoneos*]" = "iPhone Developer";
				COPY_PHASE_STRIP = NO;
				GCC_C_LANGUAGE_STANDARD = gnu99;
				GCC_DYNAMIC_NO_PIC = NO;
				GCC_OPTIMIZATION_LEVEL = 0;
				GCC_PREPROCESSOR_DEFINITIONS = (
					"DEBUG=1",
					"$(inherited)",
				);
				GCC_SYMBOLS_PRIVATE_EXTERN = NO;
				GCC_WARN_ABOUT_RETURN_TYPE = YES;
				GCC_WARN_UNINITIALIZED_AUTOS = YES;
				GCC_WARN_UNUSED_VARIABLE = YES;
				IPHONEOS_DEPLOYMENT_TARGET = 6.1;
				ONLY_ACTIVE_ARCH = YES;
				SDKROOT = iphoneos;
			};
			name = Debug;
		};
		01FC925D17E9434100D9FD07 /* Release */ = {
			isa = XCBuildConfiguration;
			buildSettings = {
				ALWAYS_SEARCH_USER_PATHS = NO;
				CLANG_CXX_LANGUAGE_STANDARD = "gnu++0x";
				CLANG_CXX_LIBRARY = "libc++";
				CLANG_ENABLE_OBJC_ARC = YES;
				CLANG_WARN_CONSTANT_CONVERSION = YES;
				CLANG_WARN_EMPTY_BODY = YES;
				CLANG_WARN_ENUM_CONVERSION = YES;
				CLANG_WARN_INT_CONVERSION = YES;
				CLANG_WARN__DUPLICATE_METHOD_MATCH = YES;
				"CODE_SIGN_IDENTITY[sdk=iphoneos*]" = "iPhone Developer";
				COPY_PHASE_STRIP = YES;
				GCC_C_LANGUAGE_STANDARD = gnu99;
				GCC_WARN_ABOUT_RETURN_TYPE = YES;
				GCC_WARN_UNINITIALIZED_AUTOS = YES;
				GCC_WARN_UNUSED_VARIABLE = YES;
				IPHONEOS_DEPLOYMENT_TARGET = 6.1;
				OTHER_CFLAGS = "-DNS_BLOCK_ASSERTIONS=1";
				SDKROOT = iphoneos;
				VALIDATE_PRODUCT = YES;
			};
			name = Release;
		};
		01FC925F17E9434100D9FD07 /* Debug */ = {
			isa = XCBuildConfiguration;
			buildSettings = {
				GCC_PRECOMPILE_PREFIX_HEADER = YES;
				GCC_PREFIX_HEADER = "ButtonTest/ButtonTest-Prefix.pch";
				INFOPLIST_FILE = "ButtonTest/ButtonTest-Info.plist";
				PRODUCT_NAME = "$(TARGET_NAME)";
				WRAPPER_EXTENSION = app;
			};
			name = Debug;
		};
		01FC926017E9434100D9FD07 /* Release */ = {
			isa = XCBuildConfiguration;
			buildSettings = {
				GCC_PRECOMPILE_PREFIX_HEADER = YES;
				GCC_PREFIX_HEADER = "ButtonTest/ButtonTest-Prefix.pch";
				INFOPLIST_FILE = "ButtonTest/ButtonTest-Info.plist";
				PRODUCT_NAME = "$(TARGET_NAME)";
				WRAPPER_EXTENSION = app;
			};
			name = Release;
		};
/* End XCBuildConfiguration section */

/* Begin XCConfigurationList section */
		01FC923617E9434100D9FD07 /* Build configuration list for PBXProject "ButtonTest" */ = {
			isa = XCConfigurationList;
			buildConfigurations = (
				01FC925C17E9434100D9FD07 /* Debug */,
				01FC925D17E9434100D9FD07 /* Release */,
			);
			defaultConfigurationIsVisible = 0;
			defaultConfigurationName = Release;
		};
		01FC925E17E9434100D9FD07 /* Build configuration list for PBXNativeTarget "ButtonTest" */ = {
			isa = XCConfigurationList;
			buildConfigurations = (
				01FC925F17E9434100D9FD07 /* Debug */,
				01FC926017E9434100D9FD07 /* Release */,
			);
			defaultConfigurationIsVisible = 0;
			defaultConfigurationName = Release;
		};
/* End XCConfigurationList section */
	};
	rootObject = 01FC923317E9434100D9FD07 /* Project object */;
}
